
Microsoft Visual Studio Solution File, Format Version 12.00
# Visual Studio Version 17
VisualStudioVersion = 17.9.34607.119
MinimumVisualStudioVersion = 10.0.40219.1
Project("{FAE04EC0-301F-11D3-BF4B-00C04F79EFBC}") = "MedixPro", "MedixPro\MedixPro.csproj", "{302043F5-1940-4405-B814-975EC5859550}"
EndProject
Project("{FAE04EC0-301F-11D3-BF4B-00C04F79EFBC}") = "MedixProBAL", "MedixProBAL\MedixProBAL.csproj", "{5B8D58EE-02E8-40ED-A612-E282B32D0EA7}"
EndProject
Project("{FAE04EC0-301F-11D3-BF4B-00C04F79EFBC}") = "MedixProDAL", "MedixProDAL\MedixProDAL.csproj", "{59A0F435-EB87-483D-B9E4-7B0CAD5EEC22}"
EndProject
Global
	GlobalSection(SolutionConfigurationPlatforms) = preSolution
		Debug|Any CPU = Debug|Any CPU
		Release|Any CPU = Release|Any CPU
	EndGlobalSection
	GlobalSection(ProjectConfigurationPlatforms) = postSolution
		{302043F5-1940-4405-B814-975EC5859550}.Debug|Any CPU.ActiveCfg = Debug|Any CPU
		{302043F5-1940-4405-B814-975EC5859550}.Debug|Any CPU.Build.0 = Debug|Any CPU
		{302043F5-1940-4405-B814-975EC5859550}.Release|Any CPU.ActiveCfg = Release|Any CPU
		{302043F5-1940-4405-B814-975EC5859550}.Release|Any CPU.Build.0 = Release|Any CPU
		{5B8D58EE-02E8-40ED-A612-E282B32D0EA7}.Debug|Any CPU.ActiveCfg = Debug|Any CPU
		{5B8D58EE-02E8-40ED-A612-E282B32D0EA7}.Debug|Any CPU.Build.0 = Debug|Any CPU
		{5B8D58EE-02E8-40ED-A612-E282B32D0EA7}.Release|Any CPU.ActiveCfg = Release|Any CPU
		{5B8D58EE-02E8-40ED-A612-E282B32D0EA7}.Release|Any CPU.Build.0 = Release|Any CPU
		{59A0F435-EB87-483D-B9E4-7B0CAD5EEC22}.Debug|Any CPU.ActiveCfg = Debug|Any CPU
		{59A0F435-EB87-483D-B9E4-7B0CAD5EEC22}.Debug|Any CPU.Build.0 = Debug|Any CPU
		{59A0F435-EB87-483D-B9E4-7B0CAD5EEC22}.Release|Any CPU.ActiveCfg = Release|Any CPU
		{59A0F435-EB87-483D-B9E4-7B0CAD5EEC22}.Release|Any CPU.Build.0 = Release|Any CPU
	EndGlobalSection
	GlobalSection(SolutionProperties) = preSolution
		HideSolutionNode = FALSE
	EndGlobalSection
	GlobalSection(ExtensibilityGlobals) = postSolution
		SolutionGuid = {E481FAEA-0E7B-4EC7-B334-BDABB4D14A44}
	EndGlobalSection
EndGlobal
